
Microsoft Visual Studio Solution File, Format Version 12.00
# Visual Studio Version 16
VisualStudioVersion = 16.0.31129.286
MinimumVisualStudioVersion = 10.0.40219.1
Project("{FAE04EC0-301F-11D3-BF4B-00C04F79EFBC}") = "BiblotekaWeb", "BiblotekaWeb\BiblotekaWeb.csproj", "{F29F59D0-B194-42EB-9C7D-E513A46D6B14}"
EndProject
Global
	GlobalSection(SolutionConfigurationPlatforms) = preSolution
		Debug|Any CPU = Debug|Any CPU
		Release|Any CPU = Release|Any CPU
	EndGlobalSection
	GlobalSection(ProjectConfigurationPlatforms) = postSolution
		{F29F59D0-B194-42EB-9C7D-E513A46D6B14}.Debug|Any CPU.ActiveCfg = Debug|Any CPU
		{F29F59D0-B194-42EB-9C7D-E513A46D6B14}.Debug|Any CPU.Build.0 = Debug|Any CPU
		{F29F59D0-B194-42EB-9C7D-E513A46D6B14}.Release|Any CPU.ActiveCfg = Release|Any CPU
		{F29F59D0-B194-42EB-9C7D-E513A46D6B14}.Release|Any CPU.Build.0 = Release|Any CPU
	EndGlobalSection
	GlobalSection(SolutionProperties) = preSolution
		HideSolutionNode = FALSE
	EndGlobalSection
	GlobalSection(ExtensibilityGlobals) = postSolution
		SolutionGuid = {C6237956-9C03-47C2-875C-2B4249439681}
	EndGlobalSection
EndGlobal
